// !$*UTF8*$!
{
	archiveVersion = 1;
	classes = {
	};
	objectVersion = 46;
	objects = {

/* Begin PBXBuildFile section */
		65D5462A25DD43A7829C5F94 /* Pods_OnboardingSample.framework in Frameworks */ = {isa = PBXBuildFile; fileRef = 2421E6AE22878851E25D1D63 /* Pods_OnboardingSample.framework */; };
		6B65471B1EF2085200944890 /* AppDelegate.swift in Sources */ = {isa = PBXBuildFile; fileRef = 6B65471A1EF2085200944890 /* AppDelegate.swift */; };
		6B65471D1EF2085200944890 /* ViewController.swift in Sources */ = {isa = PBXBuildFile; fileRef = 6B65471C1EF2085200944890 /* ViewController.swift */; };
		6B6547201EF2085200944890 /* Main.storyboard in Resources */ = {isa = PBXBuildFile; fileRef = 6B65471E1EF2085200944890 /* Main.storyboard */; };
		6B6547231EF2085200944890 /* OnboardingSample.xcdatamodeld in Sources */ = {isa = PBXBuildFile; fileRef = 6B6547211EF2085200944890 /* OnboardingSample.xcdatamodeld */; };
		6B6547251EF2085200944890 /* Assets.xcassets in Resources */ = {isa = PBXBuildFile; fileRef = 6B6547241EF2085200944890 /* Assets.xcassets */; };
		6B6547281EF2085200944890 /* LaunchScreen.storyboard in Resources */ = {isa = PBXBuildFile; fileRef = 6B6547261EF2085200944890 /* LaunchScreen.storyboard */; };
		6B6547301EF20AE900944890 /* OnboardingView.swift in Sources */ = {isa = PBXBuildFile; fileRef = 6B65472F1EF20AE900944890 /* OnboardingView.swift */; };
/* End PBXBuildFile section */

/* Begin PBXFileReference section */
		1BE9E2B0CE25DBCA345E4F52 /* Pods-OnboardingSample.release.xcconfig */ = {isa = PBXFileReference; includeInIndex = 1; lastKnownFileType = text.xcconfig; name = "Pods-OnboardingSample.release.xcconfig"; path = "Pods/Target Support Files/Pods-OnboardingSample/Pods-OnboardingSample.release.xcconfig"; sourceTree = "<group>"; };
		2421E6AE22878851E25D1D63 /* Pods_OnboardingSample.framework */ = {isa = PBXFileReference; explicitFileType = wrapper.framework; includeInIndex = 0; path = Pods_OnboardingSample.framework; sourceTree = BUILT_PRODUCTS_DIR; };
		6B6547171EF2085200944890 /* OnboardingSample.app */ = {isa = PBXFileReference; explicitFileType = wrapper.application; includeInIndex = 0; path = OnboardingSample.app; sourceTree = BUILT_PRODUCTS_DIR; };
		6B65471A1EF2085200944890 /* AppDelegate.swift */ = {isa = PBXFileReference; lastKnownFileType = sourcecode.swift; path = AppDelegate.swift; sourceTree = "<group>"; };
		6B65471C1EF2085200944890 /* ViewController.swift */ = {isa = PBXFileReference; lastKnownFileType = sourcecode.swift; path = ViewController.swift; sourceTree = "<group>"; };
		6B65471F1EF2085200944890 /* Base */ = {isa = PBXFileReference; lastKnownFileType = file.storyboard; name = Base; path = Base.lproj/Main.storyboard; sourceTree = "<group>"; };
		6B6547221EF2085200944890 /* OnboardingSample.xcdatamodel */ = {isa = PBXFileReference; lastKnownFileType = wrapper.xcdatamodel; path = OnboardingSample.xcdatamodel; sourceTree = "<group>"; };
		6B6547241EF2085200944890 /* Assets.xcassets */ = {isa = PBXFileReference; lastKnownFileType = folder.assetcatalog; path = Assets.xcassets; sourceTree = "<group>"; };
		6B6547271EF2085200944890 /* Base */ = {isa = PBXFileReference; lastKnownFileType = file.storyboard; name = Base; path = Base.lproj/LaunchScreen.storyboard; sourceTree = "<group>"; };
		6B6547291EF2085200944890 /* Info.plist */ = {isa = PBXFileReference; lastKnownFileType = text.plist.xml; path = Info.plist; sourceTree = "<group>"; };
		6B65472F1EF20AE900944890 /* OnboardingView.swift */ = {isa = PBXFileReference; fileEncoding = 4; lastKnownFileType = sourcecode.swift; path = OnboardingView.swift; sourceTree = "<group>"; };
		B3BACDD5F5F38A2FF26585FE /* Pods-OnboardingSample.debug.xcconfig */ = {isa = PBXFileReference; includeInIndex = 1; lastKnownFileType = text.xcconfig; name = "Pods-OnboardingSample.debug.xcconfig"; path = "Pods/Target Support Files/Pods-OnboardingSample/Pods-OnboardingSample.debug.xcconfig"; sourceTree = "<group>"; };
/* End PBXFileReference section */

/* Begin PBXFrameworksBuildPhase section */
		6B6547141EF2085200944890 /* Frameworks */ = {
			isa = PBXFrameworksBuildPhase;
			buildActionMask = 2147483647;
			files = (
				65D5462A25DD43A7829C5F94 /* Pods_OnboardingSample.framework in Frameworks */,
			);
			runOnlyForDeploymentPostprocessing = 0;
		};
/* End PBXFrameworksBuildPhase section */

/* Begin PBXGroup section */
		1BF6FED8FE215B99A1FC2B4A /* Frameworks */ = {
			isa = PBXGroup;
			children = (
				2421E6AE22878851E25D1D63 /* Pods_OnboardingSample.framework */,
			);
			name = Frameworks;
			sourceTree = "<group>";
		};
		1F9B8932F1063261E713BCA7 /* Pods */ = {
			isa = PBXGroup;
			children = (
				B3BACDD5F5F38A2FF26585FE /* Pods-OnboardingSample.debug.xcconfig */,
				1BE9E2B0CE25DBCA345E4F52 /* Pods-OnboardingSample.release.xcconfig */,
			);
			name = Pods;
			sourceTree = "<group>";
		};
		6B65470E1EF2085200944890 = {
			isa = PBXGroup;
			children = (
				6B6547191EF2085200944890 /* OnboardingSample */,
				6B6547181EF2085200944890 /* Products */,
				1F9B8932F1063261E713BCA7 /* Pods */,
				1BF6FED8FE215B99A1FC2B4A /* Frameworks */,
			);
			sourceTree = "<group>";
		};
		6B6547181EF2085200944890 /* Products */ = {
			isa = PBXGroup;
			children = (
				6B6547171EF2085200944890 /* OnboardingSample.app */,
			);
			name = Products;
			sourceTree = "<group>";
		};
		6B6547191EF2085200944890 /* OnboardingSample */ = {
			isa = PBXGroup;
			children = (
				6B65471A1EF2085200944890 /* AppDelegate.swift */,
				6B65471C1EF2085200944890 /* ViewController.swift */,
				6B65472F1EF20AE900944890 /* OnboardingView.swift */,
				6B65471E1EF2085200944890 /* Main.storyboard */,
				6B6547241EF2085200944890 /* Assets.xcassets */,
				6B6547261EF2085200944890 /* LaunchScreen.storyboard */,
				6B6547291EF2085200944890 /* Info.plist */,
				6B6547211EF2085200944890 /* OnboardingSample.xcdatamodeld */,
			);
			path = OnboardingSample;
			sourceTree = "<group>";
		};
/* End PBXGroup section */

/* Begin PBXNativeTarget section */
		6B6547161EF2085200944890 /* OnboardingSample */ = {
			isa = PBXNativeTarget;
			buildConfigurationList = 6B65472C1EF2085200944890 /* Build configuration list for PBXNativeTarget "OnboardingSample" */;
			buildPhases = (
				CC0845928DDEBD4A47306ED6 /* [CP] Check Pods Manifest.lock */,
				6B6547131EF2085200944890 /* Sources */,
				6B6547141EF2085200944890 /* Frameworks */,
				6B6547151EF2085200944890 /* Resources */,
				BF2A53A874114A8E91131394 /* [CP] Embed Pods Frameworks */,
				B11F5D3B9CAB4C5ECC16996A /* [CP] Copy Pods Resources */,
			);
			buildRules = (
			);
			dependencies = (
			);
			name = OnboardingSample;
			productName = OnboardingSample;
			productReference = 6B6547171EF2085200944890 /* OnboardingSample.app */;
			productType = "com.apple.product-type.application";
		};
/* End PBXNativeTarget section */

/* Begin PBXProject section */
		6B65470F1EF2085200944890 /* Project object */ = {
			isa = PBXProject;
			attributes = {
				LastSwiftUpdateCheck = 0830;
				LastUpgradeCheck = 0830;
				ORGANIZATIONNAME = "Sai Krishna Dubagunta";
				TargetAttributes = {
					6B6547161EF2085200944890 = {
						CreatedOnToolsVersion = 8.3.3;
						DevelopmentTeam = NE8AW735Y8;
						ProvisioningStyle = Automatic;
					};
				};
			};
			buildConfigurationList = 6B6547121EF2085200944890 /* Build configuration list for PBXProject "OnboardingSample" */;
			compatibilityVersion = "Xcode 3.2";
			developmentRegion = English;
			hasScannedForEncodings = 0;
			knownRegions = (
				en,
				Base,
			);
			mainGroup = 6B65470E1EF2085200944890;
			productRefGroup = 6B6547181EF2085200944890 /* Products */;
			projectDirPath = "";
			projectRoot = "";
			targets = (
				6B6547161EF2085200944890 /* OnboardingSample */,
			);
		};
/* End PBXProject section */

/* Begin PBXResourcesBuildPhase section */
		6B6547151EF2085200944890 /* Resources */ = {
			isa = PBXResourcesBuildPhase;
			buildActionMask = 2147483647;
			files = (
				6B6547281EF2085200944890 /* LaunchScreen.storyboard in Resources */,
				6B6547251EF2085200944890 /* Assets.xcassets in Resources */,
				6B6547201EF2085200944890 /* Main.storyboard in Resources */,
			);
			runOnlyForDeploymentPostprocessing = 0;
		};
/* End PBXResourcesBuildPhase section */

/* Begin PBXShellScriptBuildPhase section */
		B11F5D3B9CAB4C5ECC16996A /* [CP] Copy Pods Resources */ = {
			isa = PBXShellScriptBuildPhase;
			buildActionMask = 2147483647;
			files = (
			);
			inputPaths = (
			);
			name = "[CP] Copy Pods Resources";
			outputPaths = (
			);
			runOnlyForDeploymentPostprocessing = 0;
			shellPath = /bin/sh;
			shellScript = "\"${SRCROOT}/Pods/Target Support Files/Pods-OnboardingSample/Pods-OnboardingSample-resources.sh\"\n";
			showEnvVarsInLog = 0;
		};
		BF2A53A874114A8E91131394 /* [CP] Embed Pods Frameworks */ = {
			isa = PBXShellScriptBuildPhase;
			buildActionMask = 2147483647;
			files = (
			);
			inputPaths = (
			);
			name = "[CP] Embed Pods Frameworks";
			outputPaths = (
			);
			runOnlyForDeploymentPostprocessing = 0;
			shellPath = /bin/sh;
			shellScript = "\"${SRCROOT}/Pods/Target Support Files/Pods-OnboardingSample/Pods-OnboardingSample-frameworks.sh\"\n";
			showEnvVarsInLog = 0;
		};
		CC0845928DDEBD4A47306ED6 /* [CP] Check Pods Manifest.lock */ = {
			isa = PBXShellScriptBuildPhase;
			buildActionMask = 2147483647;
			files = (
			);
			inputPaths = (
			);
			name = "[CP] Check Pods Manifest.lock";
			outputPaths = (
			);
			runOnlyForDeploymentPostprocessing = 0;
			shellPath = /bin/sh;
			shellScript = "diff \"${PODS_PODFILE_DIR_PATH}/Podfile.lock\" \"${PODS_ROOT}/Manifest.lock\" > /dev/null\nif [ $? != 0 ] ; then\n    # print error to STDERR\n    echo \"error: The sandbox is not in sync with the Podfile.lock. Run 'pod install' or update your CocoaPods installation.\" >&2\n    exit 1\nfi\n";
			showEnvVarsInLog = 0;
		};
/* End PBXShellScriptBuildPhase section */

/* Begin PBXSourcesBuildPhase section */
		6B6547131EF2085200944890 /* Sources */ = {
			isa = PBXSourcesBuildPhase;
			buildActionMask = 2147483647;
			files = (
				6B65471D1EF2085200944890 /* ViewController.swift in Sources */,
				6B6547301EF20AE900944890 /* OnboardingView.swift in Sources */,
				6B6547231EF2085200944890 /* OnboardingSample.xcdatamodeld in Sources */,
				6B65471B1EF2085200944890 /* AppDelegate.swift in Sources */,
			);
			runOnlyForDeploymentPostprocessing = 0;
		};
/* End PBXSourcesBuildPhase section */

/* Begin PBXVariantGroup section */
		6B65471E1EF2085200944890 /* Main.storyboard */ = {
			isa = PBXVariantGroup;
			children = (
				6B65471F1EF2085200944890 /* Base */,
			);
			name = Main.storyboard;
			sourceTree = "<group>";
		};
		6B6547261EF2085200944890 /* LaunchScreen.storyboard */ = {
			isa = PBXVariantGroup;
			children = (
				6B6547271EF2085200944890 /* Base */,
			);
			name = LaunchScreen.storyboard;
			sourceTree = "<group>";
		};
/* End PBXVariantGroup section */

/* Begin XCBuildConfiguration section */
		6B65472A1EF2085200944890 /* Debug */ = {
			isa = XCBuildConfiguration;
			buildSettings = {
				ALWAYS_SEARCH_USER_PATHS = NO;
				CLANG_ANALYZER_NONNULL = YES;
				CLANG_ANALYZER_NUMBER_OBJECT_CONVERSION = YES_AGGRESSIVE;
				CLANG_CXX_LANGUAGE_STANDARD = "gnu++0x";
				CLANG_CXX_LIBRARY = "libc++";
				CLANG_ENABLE_MODULES = YES;
				CLANG_ENABLE_OBJC_ARC = YES;
				CLANG_WARN_BOOL_CONVERSION = YES;
				CLANG_WARN_CONSTANT_CONVERSION = YES;
				CLANG_WARN_DIRECT_OBJC_ISA_USAGE = YES_ERROR;
				CLANG_WARN_DOCUMENTATION_COMMENTS = YES;
				CLANG_WARN_EMPTY_BODY = YES;
				CLANG_WARN_ENUM_CONVERSION = YES;
				CLANG_WARN_INFINITE_RECURSION = YES;
				CLANG_WARN_INT_CONVERSION = YES;
				CLANG_WARN_OBJC_ROOT_CLASS = YES_ERROR;
				CLANG_WARN_SUSPICIOUS_MOVE = YES;
				CLANG_WARN_UNREACHABLE_CODE = YES;
				CLANG_WARN__DUPLICATE_METHOD_MATCH = YES;
				"CODE_SIGN_IDENTITY[sdk=iphoneos*]" = "iPhone Developer";
				COPY_PHASE_STRIP = NO;
				DEBUG_INFORMATION_FORMAT = dwarf;
				ENABLE_STRICT_OBJC_MSGSEND = YES;
				ENABLE_TESTABILITY = YES;
				GCC_C_LANGUAGE_STANDARD = gnu99;
				GCC_DYNAMIC_NO_PIC = NO;
				GCC_NO_COMMON_BLOCKS = YES;
				GCC_OPTIMIZATION_LEVEL = 0;
				GCC_PREPROCESSOR_DEFINITIONS = (
					"DEBUG=1",
					"$(inherited)",
				);
				GCC_WARN_64_TO_32_BIT_CONVERSION = YES;
				GCC_WARN_ABOUT_RETURN_TYPE = YES_ERROR;
				GCC_WARN_UNDECLARED_SELECTOR = YES;
				GCC_WARN_UNINITIALIZED_AUTOS = YES_AGGRESSIVE;
				GCC_WARN_UNUSED_FUNCTION = YES;
				GCC_WARN_UNUSED_VARIABLE = YES;
				IPHONEOS_DEPLOYMENT_TARGET = 10.3;
				MTL_ENABLE_DEBUG_INFO = YES;
				ONLY_ACTIVE_ARCH = YES;
				SDKROOT = iphoneos;
				SWIFT_ACTIVE_COMPILATION_CONDITIONS = DEBUG;
				SWIFT_OPTIMIZATION_LEVEL = "-Onone";
				TARGETED_DEVICE_FAMILY = "1,2";
			};
			name = Debug;
		};
		6B65472B1EF2085200944890 /* Release */ = {
			isa = XCBuildConfiguration;
			buildSettings = {
				ALWAYS_SEARCH_USER_PATHS = NO;
				CLANG_ANALYZER_NONNULL = YES;
				CLANG_ANALYZER_NUMBER_OBJECT_CONVERSION = YES_AGGRESSIVE;
				CLANG_CXX_LANGUAGE_STANDARD = "gnu++0x";
				CLANG_CXX_LIBRARY = "libc++";
				CLANG_ENABLE_MODULES = YES;
				CLANG_ENABLE_OBJC_ARC = YES;
				CLANG_WARN_BOOL_CONVERSION = YES;
				CLANG_WARN_CONSTANT_CONVERSION = YES;
				CLANG_WARN_DIRECT_OBJC_ISA_USAGE = YES_ERROR;
				CLANG_WARN_DOCUMENTATION_COMMENTS = YES;
				CLANG_WARN_EMPTY_BODY = YES;
				CLANG_WARN_ENUM_CONVERSION = YES;
				CLANG_WARN_INFINITE_RECURSION = YES;
				CLANG_WARN_INT_CONVERSION = YES;
				CLANG_WARN_OBJC_ROOT_CLASS = YES_ERROR;
				CLANG_WARN_SUSPICIOUS_MOVE = YES;
				CLANG_WARN_UNREACHABLE_CODE = YES;
				CLANG_WARN__DUPLICATE_METHOD_MATCH = YES;
				"CODE_SIGN_IDENTITY[sdk=iphoneos*]" = "iPhone Developer";
				COPY_PHASE_STRIP = NO;
				DEBUG_INFORMATION_FORMAT = "dwarf-with-dsym";
				ENABLE_NS_ASSERTIONS = NO;
				ENABLE_STRICT_OBJC_MSGSEND = YES;
				GCC_C_LANGUAGE_STANDARD = gnu99;
				GCC_NO_COMMON_BLOCKS = YES;
				GCC_WARN_64_TO_32_BIT_CONVERSION = YES;
				GCC_WARN_ABOUT_RETURN_TYPE = YES_ERROR;
				GCC_WARN_UNDECLARED_SELECTOR = YES;
				GCC_WARN_UNINITIALIZED_AUTOS = YES_AGGRESSIVE;
				GCC_WARN_UNUSED_FUNCTION = YES;
				GCC_WARN_UNUSED_VARIABLE = YES;
				IPHONEOS_DEPLOYMENT_TARGET = 10.3;
				MTL_ENABLE_DEBUG_INFO = NO;
				SDKROOT = iphoneos;
				SWIFT_OPTIMIZATION_LEVEL = "-Owholemodule";
				TARGETED_DEVICE_FAMILY = "1,2";
				VALIDATE_PRODUCT = YES;
			};
			name = Release;
		};
		6B65472D1EF2085200944890 /* Debug */ = {
			isa = XCBuildConfiguration;
			baseConfigurationReference = B3BACDD5F5F38A2FF26585FE /* Pods-OnboardingSample.debug.xcconfig */;
			buildSettings = {
				ASSETCATALOG_COMPILER_APPICON_NAME = AppIcon;
				DEVELOPMENT_TEAM = NE8AW735Y8;
				INFOPLIST_FILE = OnboardingSample/Info.plist;
				LD_RUNPATH_SEARCH_PATHS = "$(inherited) @executable_path/Frameworks";
				PRODUCT_BUNDLE_IDENTIFIER = com.self.OnboardingSample;
				PRODUCT_NAME = "$(TARGET_NAME)";
				SWIFT_VERSION = 3.0;
			};
			name = Debug;
		};
		6B65472E1EF2085200944890 /* Release */ = {
			isa = XCBuildConfiguration;
			baseConfigurationReference = 1BE9E2B0CE25DBCA345E4F52 /* Pods-OnboardingSample.release.xcconfig */;
			buildSettings = {
				ASSETCATALOG_COMPILER_APPICON_NAME = AppIcon;
				DEVELOPMENT_TEAM = NE8AW735Y8;
				INFOPLIST_FILE = OnboardingSample/Info.plist;
				LD_RUNPATH_SEARCH_PATHS = "$(inherited) @executable_path/Frameworks";
				PRODUCT_BUNDLE_IDENTIFIER = com.self.OnboardingSample;
				PRODUCT_NAME = "$(TARGET_NAME)";
				SWIFT_VERSION = 3.0;
			};
			name = Release;
		};
/* End XCBuildConfiguration section */

/* Begin XCConfigurationList section */
		6B6547121EF2085200944890 /* Build configuration list for PBXProject "OnboardingSample" */ = {
			isa = XCConfigurationList;
			buildConfigurations = (
				6B65472A1EF2085200944890 /* Debug */,
				6B65472B1EF2085200944890 /* Release */,
			);
			defaultConfigurationIsVisible = 0;
			defaultConfigurationName = Release;
		};
		6B65472C1EF2085200944890 /* Build configuration list for PBXNativeTarget "OnboardingSample" */ = {
			isa = XCConfigurationList;
			buildConfigurations = (
				6B65472D1EF2085200944890 /* Debug */,
				6B65472E1EF2085200944890 /* Release */,
			);
			defaultConfigurationIsVisible = 0;
			defaultConfigurationName = Release;
		};
/* End XCConfigurationList section */

/* Begin XCVersionGroup section */
		6B6547211EF2085200944890 /* OnboardingSample.xcdatamodeld */ = {
			isa = XCVersionGroup;
			children = (
				6B6547221EF2085200944890 /* OnboardingSample.xcdatamodel */,
			);
			currentVersion = 6B6547221EF2085200944890 /* OnboardingSample.xcdatamodel */;
			path = OnboardingSample.xcdatamodeld;
			sourceTree = "<group>";
			versionGroupType = wrapper.xcdatamodel;
		};
/* End XCVersionGroup section */
	};
	rootObject = 6B65470F1EF2085200944890 /* Project object */;
}
